
Microsoft Visual Studio Solution File, Format Version 12.00
# Visual Studio Version 17
VisualStudioVersion = 17.0.32014.148
MinimumVisualStudioVersion = 10.0.40219.1
Project("{FAE04EC0-301F-11D3-BF4B-00C04F79EFBC}") = "FoodLibrary", "FoodLibrary\FoodLibrary.csproj", "{0FCBEEE1-E5D8-406D-B1B4-52A8F7B04508}"
EndProject
Project("{FAE04EC0-301F-11D3-BF4B-00C04F79EFBC}") = "Lab3Demo", "Lab3Demo\Lab3Demo.csproj", "{F7FFAF5D-8F75-4D36-B469-580DB50712FC}"
EndProject
Global
	GlobalSection(SolutionConfigurationPlatforms) = preSolution
		Debug|Any CPU = Debug|Any CPU
		Release|Any CPU = Release|Any CPU
	EndGlobalSection
	GlobalSection(ProjectConfigurationPlatforms) = postSolution
		{0FCBEEE1-E5D8-406D-B1B4-52A8F7B04508}.Debug|Any CPU.ActiveCfg = Debug|Any CPU
		{0FCBEEE1-E5D8-406D-B1B4-52A8F7B04508}.Debug|Any CPU.Build.0 = Debug|Any CPU
		{0FCBEEE1-E5D8-406D-B1B4-52A8F7B04508}.Release|Any CPU.ActiveCfg = Release|Any CPU
		{0FCBEEE1-E5D8-406D-B1B4-52A8F7B04508}.Release|Any CPU.Build.0 = Release|Any CPU
		{F7FFAF5D-8F75-4D36-B469-580DB50712FC}.Debug|Any CPU.ActiveCfg = Debug|Any CPU
		{F7FFAF5D-8F75-4D36-B469-580DB50712FC}.Debug|Any CPU.Build.0 = Debug|Any CPU
		{F7FFAF5D-8F75-4D36-B469-580DB50712FC}.Release|Any CPU.ActiveCfg = Release|Any CPU
		{F7FFAF5D-8F75-4D36-B469-580DB50712FC}.Release|Any CPU.Build.0 = Release|Any CPU
	EndGlobalSection
	GlobalSection(SolutionProperties) = preSolution
		HideSolutionNode = FALSE
	EndGlobalSection
	GlobalSection(ExtensibilityGlobals) = postSolution
		SolutionGuid = {C33DC187-F569-453F-BA0A-163B685817AA}
	EndGlobalSection
EndGlobal
